// !$*UTF8*$!
{
	archiveVersion = 1;
	classes = {
	};
	objectVersion = 46;
	objects = {

/* Begin PBXBuildFile section */
		A304EBDB1CB44AD2008C17E3 /* AppDelegate.swift in Sources */ = {isa = PBXBuildFile; fileRef = A304EBDA1CB44AD2008C17E3 /* AppDelegate.swift */; };
		A304EBDD1CB44AD2008C17E3 /* ViewController.swift in Sources */ = {isa = PBXBuildFile; fileRef = A304EBDC1CB44AD2008C17E3 /* ViewController.swift */; };
		A304EBE01CB44AD3008C17E3 /* Main.storyboard in Resources */ = {isa = PBXBuildFile; fileRef = A304EBDE1CB44AD3008C17E3 /* Main.storyboard */; };
		A304EBE21CB44AD3008C17E3 /* Assets.xcassets in Resources */ = {isa = PBXBuildFile; fileRef = A304EBE11CB44AD3008C17E3 /* Assets.xcassets */; };
		A304EBE51CB44AD3008C17E3 /* LaunchScreen.storyboard in Resources */ = {isa = PBXBuildFile; fileRef = A304EBE31CB44AD3008C17E3 /* LaunchScreen.storyboard */; };
		A304EBF01CB44AD3008C17E3 /* MonkeyPinchTests.swift in Sources */ = {isa = PBXBuildFile; fileRef = A304EBEF1CB44AD3008C17E3 /* MonkeyPinchTests.swift */; };
		A304EBFB1CB44AD3008C17E3 /* MonkeyPinchUITests.swift in Sources */ = {isa = PBXBuildFile; fileRef = A304EBFA1CB44AD3008C17E3 /* MonkeyPinchUITests.swift */; };
		A304EC091CB44B4B008C17E3 /* MonkeyPinchResources in Resources */ = {isa = PBXBuildFile; fileRef = A304EC081CB44B4B008C17E3 /* MonkeyPinchResources */; };
		A304EC0B1CB45D40008C17E3 /* TickleGestureRecognizer.swift in Sources */ = {isa = PBXBuildFile; fileRef = A304EC0A1CB45D40008C17E3 /* TickleGestureRecognizer.swift */; };
/* End PBXBuildFile section */

/* Begin PBXContainerItemProxy section */
		A304EBEC1CB44AD3008C17E3 /* PBXContainerItemProxy */ = {
			isa = PBXContainerItemProxy;
			containerPortal = A304EBCF1CB44AD2008C17E3 /* Project object */;
			proxyType = 1;
			remoteGlobalIDString = A304EBD61CB44AD2008C17E3;
			remoteInfo = MonkeyPinch;
		};
		A304EBF71CB44AD3008C17E3 /* PBXContainerItemProxy */ = {
			isa = PBXContainerItemProxy;
			containerPortal = A304EBCF1CB44AD2008C17E3 /* Project object */;
			proxyType = 1;
			remoteGlobalIDString = A304EBD61CB44AD2008C17E3;
			remoteInfo = MonkeyPinch;
		};
/* End PBXContainerItemProxy section */

/* Begin PBXFileReference section */
		A304EBD71CB44AD2008C17E3 /* MonkeyPinch.app */ = {isa = PBXFileReference; explicitFileType = wrapper.application; includeInIndex = 0; path = MonkeyPinch.app; sourceTree = BUILT_PRODUCTS_DIR; };
		A304EBDA1CB44AD2008C17E3 /* AppDelegate.swift */ = {isa = PBXFileReference; lastKnownFileType = sourcecode.swift; path = AppDelegate.swift; sourceTree = "<group>"; };
		A304EBDC1CB44AD2008C17E3 /* ViewController.swift */ = {isa = PBXFileReference; lastKnownFileType = sourcecode.swift; path = ViewController.swift; sourceTree = "<group>"; };
		A304EBDF1CB44AD3008C17E3 /* Base */ = {isa = PBXFileReference; lastKnownFileType = file.storyboard; name = Base; path = Base.lproj/Main.storyboard; sourceTree = "<group>"; };
		A304EBE11CB44AD3008C17E3 /* Assets.xcassets */ = {isa = PBXFileReference; lastKnownFileType = folder.assetcatalog; path = Assets.xcassets; sourceTree = "<group>"; };
		A304EBE41CB44AD3008C17E3 /* Base */ = {isa = PBXFileReference; lastKnownFileType = file.storyboard; name = Base; path = Base.lproj/LaunchScreen.storyboard; sourceTree = "<group>"; };
		A304EBE61CB44AD3008C17E3 /* Info.plist */ = {isa = PBXFileReference; lastKnownFileType = text.plist.xml; path = Info.plist; sourceTree = "<group>"; };
		A304EBEB1CB44AD3008C17E3 /* MonkeyPinchTests.xctest */ = {isa = PBXFileReference; explicitFileType = wrapper.cfbundle; includeInIndex = 0; path = MonkeyPinchTests.xctest; sourceTree = BUILT_PRODUCTS_DIR; };
		A304EBEF1CB44AD3008C17E3 /* MonkeyPinchTests.swift */ = {isa = PBXFileReference; lastKnownFileType = sourcecode.swift; path = MonkeyPinchTests.swift; sourceTree = "<group>"; };
		A304EBF11CB44AD3008C17E3 /* Info.plist */ = {isa = PBXFileReference; lastKnownFileType = text.plist.xml; path = Info.plist; sourceTree = "<group>"; };
		A304EBF61CB44AD3008C17E3 /* MonkeyPinchUITests.xctest */ = {isa = PBXFileReference; explicitFileType = wrapper.cfbundle; includeInIndex = 0; path = MonkeyPinchUITests.xctest; sourceTree = BUILT_PRODUCTS_DIR; };
		A304EBFA1CB44AD3008C17E3 /* MonkeyPinchUITests.swift */ = {isa = PBXFileReference; lastKnownFileType = sourcecode.swift; path = MonkeyPinchUITests.swift; sourceTree = "<group>"; };
		A304EBFC1CB44AD3008C17E3 /* Info.plist */ = {isa = PBXFileReference; lastKnownFileType = text.plist.xml; path = Info.plist; sourceTree = "<group>"; };
		A304EC081CB44B4B008C17E3 /* MonkeyPinchResources */ = {isa = PBXFileReference; lastKnownFileType = folder; name = MonkeyPinchResources; path = ../../MonkeyPinchResources; sourceTree = "<group>"; };
		A304EC0A1CB45D40008C17E3 /* TickleGestureRecognizer.swift */ = {isa = PBXFileReference; fileEncoding = 4; lastKnownFileType = sourcecode.swift; path = TickleGestureRecognizer.swift; sourceTree = "<group>"; };
		A304EC0C1CB45DC0008C17E3 /* MonkeyPinch-Bridging-Header.h */ = {isa = PBXFileReference; lastKnownFileType = sourcecode.c.h; path = "MonkeyPinch-Bridging-Header.h"; sourceTree = "<group>"; };
/* End PBXFileReference section */

/* Begin PBXFrameworksBuildPhase section */
		A304EBD41CB44AD2008C17E3 /* Frameworks */ = {
			isa = PBXFrameworksBuildPhase;
			buildActionMask = 2147483647;
			files = (
			);
			runOnlyForDeploymentPostprocessing = 0;
		};
		A304EBE81CB44AD3008C17E3 /* Frameworks */ = {
			isa = PBXFrameworksBuildPhase;
			buildActionMask = 2147483647;
			files = (
			);
			runOnlyForDeploymentPostprocessing = 0;
		};
		A304EBF31CB44AD3008C17E3 /* Frameworks */ = {
			isa = PBXFrameworksBuildPhase;
			buildActionMask = 2147483647;
			files = (
			);
			runOnlyForDeploymentPostprocessing = 0;
		};
/* End PBXFrameworksBuildPhase section */

/* Begin PBXGroup section */
		A304EBCE1CB44AD2008C17E3 = {
			isa = PBXGroup;
			children = (
				A304EBD91CB44AD2008C17E3 /* MonkeyPinch */,
				A304EBEE1CB44AD3008C17E3 /* MonkeyPinchTests */,
				A304EBF91CB44AD3008C17E3 /* MonkeyPinchUITests */,
				A304EBD81CB44AD2008C17E3 /* Products */,
			);
			sourceTree = "<group>";
		};
		A304EBD81CB44AD2008C17E3 /* Products */ = {
			isa = PBXGroup;
			children = (
				A304EBD71CB44AD2008C17E3 /* MonkeyPinch.app */,
				A304EBEB1CB44AD3008C17E3 /* MonkeyPinchTests.xctest */,
				A304EBF61CB44AD3008C17E3 /* MonkeyPinchUITests.xctest */,
			);
			name = Products;
			sourceTree = "<group>";
		};
		A304EBD91CB44AD2008C17E3 /* MonkeyPinch */ = {
			isa = PBXGroup;
			children = (
				A304EBDA1CB44AD2008C17E3 /* AppDelegate.swift */,
				A304EBDC1CB44AD2008C17E3 /* ViewController.swift */,
				A304EC0A1CB45D40008C17E3 /* TickleGestureRecognizer.swift */,
				A304EBDE1CB44AD3008C17E3 /* Main.storyboard */,
				A304EBE11CB44AD3008C17E3 /* Assets.xcassets */,
				A304EBE31CB44AD3008C17E3 /* LaunchScreen.storyboard */,
				A304EBE61CB44AD3008C17E3 /* Info.plist */,
				A304EC0C1CB45DC0008C17E3 /* MonkeyPinch-Bridging-Header.h */,
				A304EC081CB44B4B008C17E3 /* MonkeyPinchResources */,
			);
			path = MonkeyPinch;
			sourceTree = "<group>";
		};
		A304EBEE1CB44AD3008C17E3 /* MonkeyPinchTests */ = {
			isa = PBXGroup;
			children = (
				A304EBEF1CB44AD3008C17E3 /* MonkeyPinchTests.swift */,
				A304EBF11CB44AD3008C17E3 /* Info.plist */,
			);
			path = MonkeyPinchTests;
			sourceTree = "<group>";
		};
		A304EBF91CB44AD3008C17E3 /* MonkeyPinchUITests */ = {
			isa = PBXGroup;
			children = (
				A304EBFA1CB44AD3008C17E3 /* MonkeyPinchUITests.swift */,
				A304EBFC1CB44AD3008C17E3 /* Info.plist */,
			);
			path = MonkeyPinchUITests;
			sourceTree = "<group>";
		};
/* End PBXGroup section */

/* Begin PBXNativeTarget section */
		A304EBD61CB44AD2008C17E3 /* MonkeyPinch */ = {
			isa = PBXNativeTarget;
			buildConfigurationList = A304EBFF1CB44AD3008C17E3 /* Build configuration list for PBXNativeTarget "MonkeyPinch" */;
			buildPhases = (
				A304EBD31CB44AD2008C17E3 /* Sources */,
				A304EBD41CB44AD2008C17E3 /* Frameworks */,
				A304EBD51CB44AD2008C17E3 /* Resources */,
			);
			buildRules = (
			);
			dependencies = (
			);
			name = MonkeyPinch;
			productName = MonkeyPinch;
			productReference = A304EBD71CB44AD2008C17E3 /* MonkeyPinch.app */;
			productType = "com.apple.product-type.application";
		};
		A304EBEA1CB44AD3008C17E3 /* MonkeyPinchTests */ = {
			isa = PBXNativeTarget;
			buildConfigurationList = A304EC021CB44AD3008C17E3 /* Build configuration list for PBXNativeTarget "MonkeyPinchTests" */;
			buildPhases = (
				A304EBE71CB44AD3008C17E3 /* Sources */,
				A304EBE81CB44AD3008C17E3 /* Frameworks */,
				A304EBE91CB44AD3008C17E3 /* Resources */,
			);
			buildRules = (
			);
			dependencies = (
				A304EBED1CB44AD3008C17E3 /* PBXTargetDependency */,
			);
			name = MonkeyPinchTests;
			productName = MonkeyPinchTests;
			productReference = A304EBEB1CB44AD3008C17E3 /* MonkeyPinchTests.xctest */;
			productType = "com.apple.product-type.bundle.unit-test";
		};
		A304EBF51CB44AD3008C17E3 /* MonkeyPinchUITests */ = {
			isa = PBXNativeTarget;
			buildConfigurationList = A304EC051CB44AD3008C17E3 /* Build configuration list for PBXNativeTarget "MonkeyPinchUITests" */;
			buildPhases = (
				A304EBF21CB44AD3008C17E3 /* Sources */,
				A304EBF31CB44AD3008C17E3 /* Frameworks */,
				A304EBF41CB44AD3008C17E3 /* Resources */,
			);
			buildRules = (
			);
			dependencies = (
				A304EBF81CB44AD3008C17E3 /* PBXTargetDependency */,
			);
			name = MonkeyPinchUITests;
			productName = MonkeyPinchUITests;
			productReference = A304EBF61CB44AD3008C17E3 /* MonkeyPinchUITests.xctest */;
			productType = "com.apple.product-type.bundle.ui-testing";
		};
/* End PBXNativeTarget section */

/* Begin PBXProject section */
		A304EBCF1CB44AD2008C17E3 /* Project object */ = {
			isa = PBXProject;
			attributes = {
				LastSwiftUpdateCheck = 0720;
				LastUpgradeCheck = 0720;
				ORGANIZATIONNAME = Kitsana;
				TargetAttributes = {
					A304EBD61CB44AD2008C17E3 = {
						CreatedOnToolsVersion = 7.2.1;
					};
					A304EBEA1CB44AD3008C17E3 = {
						CreatedOnToolsVersion = 7.2.1;
						TestTargetID = A304EBD61CB44AD2008C17E3;
					};
					A304EBF51CB44AD3008C17E3 = {
						CreatedOnToolsVersion = 7.2.1;
						TestTargetID = A304EBD61CB44AD2008C17E3;
					};
				};
			};
			buildConfigurationList = A304EBD21CB44AD2008C17E3 /* Build configuration list for PBXProject "MonkeyPinch" */;
			compatibilityVersion = "Xcode 3.2";
			developmentRegion = English;
			hasScannedForEncodings = 0;
			knownRegions = (
				en,
				Base,
			);
			mainGroup = A304EBCE1CB44AD2008C17E3;
			productRefGroup = A304EBD81CB44AD2008C17E3 /* Products */;
			projectDirPath = "";
			projectRoot = "";
			targets = (
				A304EBD61CB44AD2008C17E3 /* MonkeyPinch */,
				A304EBEA1CB44AD3008C17E3 /* MonkeyPinchTests */,
				A304EBF51CB44AD3008C17E3 /* MonkeyPinchUITests */,
			);
		};
/* End PBXProject section */

/* Begin PBXResourcesBuildPhase section */
		A304EBD51CB44AD2008C17E3 /* Resources */ = {
			isa = PBXResourcesBuildPhase;
			buildActionMask = 2147483647;
			files = (
				A304EC091CB44B4B008C17E3 /* MonkeyPinchResources in Resources */,
				A304EBE51CB44AD3008C17E3 /* LaunchScreen.storyboard in Resources */,
				A304EBE21CB44AD3008C17E3 /* Assets.xcassets in Resources */,
				A304EBE01CB44AD3008C17E3 /* Main.storyboard in Resources */,
			);
			runOnlyForDeploymentPostprocessing = 0;
		};
		A304EBE91CB44AD3008C17E3 /* Resources */ = {
			isa = PBXResourcesBuildPhase;
			buildActionMask = 2147483647;
			files = (
			);
			runOnlyForDeploymentPostprocessing = 0;
		};
		A304EBF41CB44AD3008C17E3 /* Resources */ = {
			isa = PBXResourcesBuildPhase;
			buildActionMask = 2147483647;
			files = (
			);
			runOnlyForDeploymentPostprocessing = 0;
		};
/* End PBXResourcesBuildPhase section */

/* Begin PBXSourcesBuildPhase section */
		A304EBD31CB44AD2008C17E3 /* Sources */ = {
			isa = PBXSourcesBuildPhase;
			buildActionMask = 2147483647;
			files = (
				A304EBDD1CB44AD2008C17E3 /* ViewController.swift in Sources */,
				A304EC0B1CB45D40008C17E3 /* TickleGestureRecognizer.swift in Sources */,
				A304EBDB1CB44AD2008C17E3 /* AppDelegate.swift in Sources */,
			);
			runOnlyForDeploymentPostprocessing = 0;
		};
		A304EBE71CB44AD3008C17E3 /* Sources */ = {
			isa = PBXSourcesBuildPhase;
			buildActionMask = 2147483647;
			files = (
				A304EBF01CB44AD3008C17E3 /* MonkeyPinchTests.swift in Sources */,
			);
			runOnlyForDeploymentPostprocessing = 0;
		};
		A304EBF21CB44AD3008C17E3 /* Sources */ = {
			isa = PBXSourcesBuildPhase;
			buildActionMask = 2147483647;
			files = (
				A304EBFB1CB44AD3008C17E3 /* MonkeyPinchUITests.swift in Sources */,
			);
			runOnlyForDeploymentPostprocessing = 0;
		};
/* End PBXSourcesBuildPhase section */

/* Begin PBXTargetDependency section */
		A304EBED1CB44AD3008C17E3 /* PBXTargetDependency */ = {
			isa = PBXTargetDependency;
			target = A304EBD61CB44AD2008C17E3 /* MonkeyPinch */;
			targetProxy = A304EBEC1CB44AD3008C17E3 /* PBXContainerItemProxy */;
		};
		A304EBF81CB44AD3008C17E3 /* PBXTargetDependency */ = {
			isa = PBXTargetDependency;
			target = A304EBD61CB44AD2008C17E3 /* MonkeyPinch */;
			targetProxy = A304EBF71CB44AD3008C17E3 /* PBXContainerItemProxy */;
		};
/* End PBXTargetDependency section */

/* Begin PBXVariantGroup section */
		A304EBDE1CB44AD3008C17E3 /* Main.storyboard */ = {
			isa = PBXVariantGroup;
			children = (
				A304EBDF1CB44AD3008C17E3 /* Base */,
			);
			name = Main.storyboard;
			sourceTree = "<group>";
		};
		A304EBE31CB44AD3008C17E3 /* LaunchScreen.storyboard */ = {
			isa = PBXVariantGroup;
			children = (
				A304EBE41CB44AD3008C17E3 /* Base */,
			);
			name = LaunchScreen.storyboard;
			sourceTree = "<group>";
		};
/* End PBXVariantGroup section */

/* Begin XCBuildConfiguration section */
		A304EBFD1CB44AD3008C17E3 /* Debug */ = {
			isa = XCBuildConfiguration;
			buildSettings = {
				ALWAYS_SEARCH_USER_PATHS = NO;
				CLANG_CXX_LANGUAGE_STANDARD = "gnu++0x";
				CLANG_CXX_LIBRARY = "libc++";
				CLANG_ENABLE_MODULES = YES;
				CLANG_ENABLE_OBJC_ARC = YES;
				CLANG_WARN_BOOL_CONVERSION = YES;
				CLANG_WARN_CONSTANT_CONVERSION = YES;
				CLANG_WARN_DIRECT_OBJC_ISA_USAGE = YES_ERROR;
				CLANG_WARN_EMPTY_BODY = YES;
				CLANG_WARN_ENUM_CONVERSION = YES;
				CLANG_WARN_INT_CONVERSION = YES;
				CLANG_WARN_OBJC_ROOT_CLASS = YES_ERROR;
				CLANG_WARN_UNREACHABLE_CODE = YES;
				CLANG_WARN__DUPLICATE_METHOD_MATCH = YES;
				"CODE_SIGN_IDENTITY[sdk=iphoneos*]" = "iPhone Developer";
				COPY_PHASE_STRIP = NO;
				DEBUG_INFORMATION_FORMAT = dwarf;
				ENABLE_STRICT_OBJC_MSGSEND = YES;
				ENABLE_TESTABILITY = YES;
				GCC_C_LANGUAGE_STANDARD = gnu99;
				GCC_DYNAMIC_NO_PIC = NO;
				GCC_NO_COMMON_BLOCKS = YES;
				GCC_OPTIMIZATION_LEVEL = 0;
				GCC_PREPROCESSOR_DEFINITIONS = (
					"DEBUG=1",
					"$(inherited)",
				);
				GCC_WARN_64_TO_32_BIT_CONVERSION = YES;
				GCC_WARN_ABOUT_RETURN_TYPE = YES_ERROR;
				GCC_WARN_UNDECLARED_SELECTOR = YES;
				GCC_WARN_UNINITIALIZED_AUTOS = YES_AGGRESSIVE;
				GCC_WARN_UNUSED_FUNCTION = YES;
				GCC_WARN_UNUSED_VARIABLE = YES;
				IPHONEOS_DEPLOYMENT_TARGET = 9.2;
				MTL_ENABLE_DEBUG_INFO = YES;
				ONLY_ACTIVE_ARCH = YES;
				SDKROOT = iphoneos;
				SWIFT_OPTIMIZATION_LEVEL = "-Onone";
				TARGETED_DEVICE_FAMILY = "1,2";
			};
			name = Debug;
		};
		A304EBFE1CB44AD3008C17E3 /* Release */ = {
			isa = XCBuildConfiguration;
			buildSettings = {
				ALWAYS_SEARCH_USER_PATHS = NO;
				CLANG_CXX_LANGUAGE_STANDARD = "gnu++0x";
				CLANG_CXX_LIBRARY = "libc++";
				CLANG_ENABLE_MODULES = YES;
				CLANG_ENABLE_OBJC_ARC = YES;
				CLANG_WARN_BOOL_CONVERSION = YES;
				CLANG_WARN_CONSTANT_CONVERSION = YES;
				CLANG_WARN_DIRECT_OBJC_ISA_USAGE = YES_ERROR;
				CLANG_WARN_EMPTY_BODY = YES;
				CLANG_WARN_ENUM_CONVERSION = YES;
				CLANG_WARN_INT_CONVERSION = YES;
				CLANG_WARN_OBJC_ROOT_CLASS = YES_ERROR;
				CLANG_WARN_UNREACHABLE_CODE = YES;
				CLANG_WARN__DUPLICATE_METHOD_MATCH = YES;
				"CODE_SIGN_IDENTITY[sdk=iphoneos*]" = "iPhone Developer";
				COPY_PHASE_STRIP = NO;
				DEBUG_INFORMATION_FORMAT = "dwarf-with-dsym";
				ENABLE_NS_ASSERTIONS = NO;
				ENABLE_STRICT_OBJC_MSGSEND = YES;
				GCC_C_LANGUAGE_STANDARD = gnu99;
				GCC_NO_COMMON_BLOCKS = YES;
				GCC_WARN_64_TO_32_BIT_CONVERSION = YES;
				GCC_WARN_ABOUT_RETURN_TYPE = YES_ERROR;
				GCC_WARN_UNDECLARED_SELECTOR = YES;
				GCC_WARN_UNINITIALIZED_AUTOS = YES_AGGRESSIVE;
				GCC_WARN_UNUSED_FUNCTION = YES;
				GCC_WARN_UNUSED_VARIABLE = YES;
				IPHONEOS_DEPLOYMENT_TARGET = 9.2;
				MTL_ENABLE_DEBUG_INFO = NO;
				SDKROOT = iphoneos;
				TARGETED_DEVICE_FAMILY = "1,2";
				VALIDATE_PRODUCT = YES;
			};
			name = Release;
		};
		A304EC001CB44AD3008C17E3 /* Debug */ = {
			isa = XCBuildConfiguration;
			buildSettings = {
				ASSETCATALOG_COMPILER_APPICON_NAME = AppIcon;
				CLANG_ENABLE_MODULES = YES;
				INFOPLIST_FILE = MonkeyPinch/Info.plist;
				LD_RUNPATH_SEARCH_PATHS = "$(inherited) @executable_path/Frameworks";
				PRODUCT_BUNDLE_IDENTIFIER = com.Kitsana.MonkeyPinch;
				PRODUCT_NAME = "$(TARGET_NAME)";
				SWIFT_OBJC_BRIDGING_HEADER = "MonkeyPinch/MonkeyPinch-Bridging-Header.h";
				SWIFT_OPTIMIZATION_LEVEL = "-Onone";
				TARGETED_DEVICE_FAMILY = "1,2";
			};
			name = Debug;
		};
		A304EC011CB44AD3008C17E3 /* Release */ = {
			isa = XCBuildConfiguration;
			buildSettings = {
				ASSETCATALOG_COMPILER_APPICON_NAME = AppIcon;
				CLANG_ENABLE_MODULES = YES;
				INFOPLIST_FILE = MonkeyPinch/Info.plist;
				LD_RUNPATH_SEARCH_PATHS = "$(inherited) @executable_path/Frameworks";
				PRODUCT_BUNDLE_IDENTIFIER = com.Kitsana.MonkeyPinch;
				PRODUCT_NAME = "$(TARGET_NAME)";
				SWIFT_OBJC_BRIDGING_HEADER = "MonkeyPinch/MonkeyPinch-Bridging-Header.h";
				TARGETED_DEVICE_FAMILY = "1,2";
			};
			name = Release;
		};
		A304EC031CB44AD3008C17E3 /* Debug */ = {
			isa = XCBuildConfiguration;
			buildSettings = {
				BUNDLE_LOADER = "$(TEST_HOST)";
				INFOPLIST_FILE = MonkeyPinchTests/Info.plist;
				LD_RUNPATH_SEARCH_PATHS = "$(inherited) @executable_path/Frameworks @loader_path/Frameworks";
				PRODUCT_BUNDLE_IDENTIFIER = com.Kitsana.MonkeyPinchTests;
				PRODUCT_NAME = "$(TARGET_NAME)";
				TEST_HOST = "$(BUILT_PRODUCTS_DIR)/MonkeyPinch.app/MonkeyPinch";
			};
			name = Debug;
		};
		A304EC041CB44AD3008C17E3 /* Release */ = {
			isa = XCBuildConfiguration;
			buildSettings = {
				BUNDLE_LOADER = "$(TEST_HOST)";
				INFOPLIST_FILE = MonkeyPinchTests/Info.plist;
				LD_RUNPATH_SEARCH_PATHS = "$(inherited) @executable_path/Frameworks @loader_path/Frameworks";
				PRODUCT_BUNDLE_IDENTIFIER = com.Kitsana.MonkeyPinchTests;
				PRODUCT_NAME = "$(TARGET_NAME)";
				TEST_HOST = "$(BUILT_PRODUCTS_DIR)/MonkeyPinch.app/MonkeyPinch";
			};
			name = Release;
		};
		A304EC061CB44AD3008C17E3 /* Debug */ = {
			isa = XCBuildConfiguration;
			buildSettings = {
				INFOPLIST_FILE = MonkeyPinchUITests/Info.plist;
				LD_RUNPATH_SEARCH_PATHS = "$(inherited) @executable_path/Frameworks @loader_path/Frameworks";
				PRODUCT_BUNDLE_IDENTIFIER = com.Kitsana.MonkeyPinchUITests;
				PRODUCT_NAME = "$(TARGET_NAME)";
				TEST_TARGET_NAME = MonkeyPinch;
				USES_XCTRUNNER = YES;
			};
			name = Debug;
		};
		A304EC071CB44AD3008C17E3 /* Release */ = {
			isa = XCBuildConfiguration;
			buildSettings = {
				INFOPLIST_FILE = MonkeyPinchUITests/Info.plist;
				LD_RUNPATH_SEARCH_PATHS = "$(inherited) @executable_path/Frameworks @loader_path/Frameworks";
				PRODUCT_BUNDLE_IDENTIFIER = com.Kitsana.MonkeyPinchUITests;
				PRODUCT_NAME = "$(TARGET_NAME)";
				TEST_TARGET_NAME = MonkeyPinch;
				USES_XCTRUNNER = YES;
			};
			name = Release;
		};
/* End XCBuildConfiguration section */

/* Begin XCConfigurationList section */
		A304EBD21CB44AD2008C17E3 /* Build configuration list for PBXProject "MonkeyPinch" */ = {
			isa = XCConfigurationList;
			buildConfigurations = (
				A304EBFD1CB44AD3008C17E3 /* Debug */,
				A304EBFE1CB44AD3008C17E3 /* Release */,
			);
			defaultConfigurationIsVisible = 0;
			defaultConfigurationName = Release;
		};
		A304EBFF1CB44AD3008C17E3 /* Build configuration list for PBXNativeTarget "MonkeyPinch" */ = {
			isa = XCConfigurationList;
			buildConfigurations = (
				A304EC001CB44AD3008C17E3 /* Debug */,
				A304EC011CB44AD3008C17E3 /* Release */,
			);
			defaultConfigurationIsVisible = 0;
		};
		A304EC021CB44AD3008C17E3 /* Build configuration list for PBXNativeTarget "MonkeyPinchTests" */ = {
			isa = XCConfigurationList;
			buildConfigurations = (
				A304EC031CB44AD3008C17E3 /* Debug */,
				A304EC041CB44AD3008C17E3 /* Release */,
			);
			defaultConfigurationIsVisible = 0;
		};
		A304EC051CB44AD3008C17E3 /* Build configuration list for PBXNativeTarget "MonkeyPinchUITests" */ = {
			isa = XCConfigurationList;
			buildConfigurations = (
				A304EC061CB44AD3008C17E3 /* Debug */,
				A304EC071CB44AD3008C17E3 /* Release */,
			);
			defaultConfigurationIsVisible = 0;
		};
/* End XCConfigurationList section */
	};
	rootObject = A304EBCF1CB44AD2008C17E3 /* Project object */;
}
